
Microsoft Visual Studio Solution File, Format Version 12.00
# Visual Studio 15
VisualStudioVersion = 15.0.27703.2026
MinimumVisualStudioVersion = 10.0.40219.1
Project("{FAE04EC0-301F-11D3-BF4B-00C04F79EFBC}") = "NgramIndex", "NgramIndex\NgramIndex.csproj", "{3A89CCB7-C837-44DE-99F2-F8F995C0CB90}"
EndProject
Project("{FAE04EC0-301F-11D3-BF4B-00C04F79EFBC}") = "NgramIndex.Tests", "NgramIndex.Tests\NgramIndex.Tests.csproj", "{67E792B4-A24A-43C7-816E-064003BDCF5C}"
EndProject
Project("{FAE04EC0-301F-11D3-BF4B-00C04F79EFBC}") = "NgramIndex.Benchmarks", "NgramIndex.Benchmarks\NgramIndex.Benchmarks.csproj", "{8227E057-30EB-4F0C-98A6-560F0B9BBC7E}"
EndProject
Global
	GlobalSection(SolutionConfigurationPlatforms) = preSolution
		Debug|Any CPU = Debug|Any CPU
		Release|Any CPU = Release|Any CPU
	EndGlobalSection
	GlobalSection(ProjectConfigurationPlatforms) = postSolution
		{3A89CCB7-C837-44DE-99F2-F8F995C0CB90}.Debug|Any CPU.ActiveCfg = Debug|Any CPU
		{3A89CCB7-C837-44DE-99F2-F8F995C0CB90}.Debug|Any CPU.Build.0 = Debug|Any CPU
		{3A89CCB7-C837-44DE-99F2-F8F995C0CB90}.Release|Any CPU.ActiveCfg = Release|Any CPU
		{3A89CCB7-C837-44DE-99F2-F8F995C0CB90}.Release|Any CPU.Build.0 = Release|Any CPU
		{67E792B4-A24A-43C7-816E-064003BDCF5C}.Debug|Any CPU.ActiveCfg = Debug|Any CPU
		{67E792B4-A24A-43C7-816E-064003BDCF5C}.Debug|Any CPU.Build.0 = Debug|Any CPU
		{67E792B4-A24A-43C7-816E-064003BDCF5C}.Release|Any CPU.ActiveCfg = Release|Any CPU
		{67E792B4-A24A-43C7-816E-064003BDCF5C}.Release|Any CPU.Build.0 = Release|Any CPU
		{8227E057-30EB-4F0C-98A6-560F0B9BBC7E}.Debug|Any CPU.ActiveCfg = Debug|Any CPU
		{8227E057-30EB-4F0C-98A6-560F0B9BBC7E}.Debug|Any CPU.Build.0 = Debug|Any CPU
		{8227E057-30EB-4F0C-98A6-560F0B9BBC7E}.Release|Any CPU.ActiveCfg = Release|Any CPU
		{8227E057-30EB-4F0C-98A6-560F0B9BBC7E}.Release|Any CPU.Build.0 = Release|Any CPU
	EndGlobalSection
	GlobalSection(SolutionProperties) = preSolution
		HideSolutionNode = FALSE
	EndGlobalSection
	GlobalSection(ExtensibilityGlobals) = postSolution
		SolutionGuid = {98533EF0-7688-483D-8793-8FE02D290D86}
	EndGlobalSection
EndGlobal
